# This file is automatically @generated by Cargo.
# It is not intended for manual editing.
version = 3

[[package]]
name = "arena"
version = "0.0.0"

[[package]]
name = "codegen"
version = "0.0.0"

[[package]]
name = "cst"
version = "0.0.0"

[[package]]
name = "haze"
version = "0.0.0"

[[package]]
name = "hir"
version = "0.0.0"

[[package]]
name = "hir-lower"
version = "0.0.0"

[[package]]
name = "index"
version = "0.0.0"

[[package]]
name = "lexer"
version = "0.0.0"

[[package]]
name = "parser"
version = "0.0.0"

[[package]]
name = "project"
version = "0.0.0"

[[package]]
name = "sizer"
version = "0.0.0"

[[package]]
name = "syntax"
version = "0.0.0"

[[package]]
name = "token"
version = "0.0.0"
